
Microsoft Visual Studio Solution File, Format Version 12.00
# Visual Studio Version 17
VisualStudioVersion = 17.14.36705.20 d17.14
MinimumVisualStudioVersion = 10.0.40219.1
Project("{FAE04EC0-301F-11D3-BF4B-00C04F79EFBC}") = "PTZControl", "PTZControl\PTZControl.csproj", "{BB13C11A-8790-FF34-917E-D089A20CA3BF}"
EndProject
Project("{FAE04EC0-301F-11D3-BF4B-00C04F79EFBC}") = "PTZControl.Desktop", "PTZControl.Desktop\PTZControl.Desktop.csproj", "{BEA34102-9AC9-FA79-16BF-97DE3CCD3FF7}"
EndProject
Global
	GlobalSection(SolutionConfigurationPlatforms) = preSolution
		Debug|Any CPU = Debug|Any CPU
		Release|Any CPU = Release|Any CPU
	EndGlobalSection
	GlobalSection(ProjectConfigurationPlatforms) = postSolution
		{BB13C11A-8790-FF34-917E-D089A20CA3BF}.Debug|Any CPU.ActiveCfg = Debug|Any CPU
		{BB13C11A-8790-FF34-917E-D089A20CA3BF}.Debug|Any CPU.Build.0 = Debug|Any CPU
		{BB13C11A-8790-FF34-917E-D089A20CA3BF}.Release|Any CPU.ActiveCfg = Release|Any CPU
		{BB13C11A-8790-FF34-917E-D089A20CA3BF}.Release|Any CPU.Build.0 = Release|Any CPU
		{BEA34102-9AC9-FA79-16BF-97DE3CCD3FF7}.Debug|Any CPU.ActiveCfg = Debug|Any CPU
		{BEA34102-9AC9-FA79-16BF-97DE3CCD3FF7}.Debug|Any CPU.Build.0 = Debug|Any CPU
		{BEA34102-9AC9-FA79-16BF-97DE3CCD3FF7}.Release|Any CPU.ActiveCfg = Release|Any CPU
		{BEA34102-9AC9-FA79-16BF-97DE3CCD3FF7}.Release|Any CPU.Build.0 = Release|Any CPU
	EndGlobalSection
	GlobalSection(SolutionProperties) = preSolution
		HideSolutionNode = FALSE
	EndGlobalSection
	GlobalSection(ExtensibilityGlobals) = postSolution
		SolutionGuid = {738802BC-D7D8-43A1-A2D8-2ADA77CDACFC}
	EndGlobalSection
EndGlobal
